// !$*UTF8*$!
{
	archiveVersion = 1;
	classes = {
	};
	objectVersion = 56;
	objects = {

/* Begin PBXBuildFile section */
		EB7A99122ABED31A00DA183A /* AppDelegate.swift in Sources */ = {isa = PBXBuildFile; fileRef = EB7A99112ABED31A00DA183A /* AppDelegate.swift */; };
		EB7A99142ABED31A00DA183A /* SceneDelegate.swift in Sources */ = {isa = PBXBuildFile; fileRef = EB7A99132ABED31A00DA183A /* SceneDelegate.swift */; };
		EB7A99162ABED31A00DA183A /* ViewController.swift in Sources */ = {isa = PBXBuildFile; fileRef = EB7A99152ABED31A00DA183A /* ViewController.swift */; };
		EB7A99192ABED31A00DA183A /* Main.storyboard in Resources */ = {isa = PBXBuildFile; fileRef = EB7A99172ABED31A00DA183A /* Main.storyboard */; };
		EB7A991B2ABED31B00DA183A /* Assets.xcassets in Resources */ = {isa = PBXBuildFile; fileRef = EB7A991A2ABED31B00DA183A /* Assets.xcassets */; };
		EB7A991E2ABED31B00DA183A /* LaunchScreen.storyboard in Resources */ = {isa = PBXBuildFile; fileRef = EB7A991C2ABED31B00DA183A /* LaunchScreen.storyboard */; };
		EB7A99292ABED31B00DA183A /* CalcTests.swift in Sources */ = {isa = PBXBuildFile; fileRef = EB7A99282ABED31B00DA183A /* CalcTests.swift */; };
		EB7A99332ABED31B00DA183A /* CalcUITests.swift in Sources */ = {isa = PBXBuildFile; fileRef = EB7A99322ABED31B00DA183A /* CalcUITests.swift */; };
		EB7A99352ABED31B00DA183A /* CalcUITestsLaunchTests.swift in Sources */ = {isa = PBXBuildFile; fileRef = EB7A99342ABED31B00DA183A /* CalcUITestsLaunchTests.swift */; };
/* End PBXBuildFile section */

/* Begin PBXContainerItemProxy section */
		EB7A99252ABED31B00DA183A /* PBXContainerItemProxy */ = {
			isa = PBXContainerItemProxy;
			containerPortal = EB7A99062ABED31A00DA183A /* Project object */;
			proxyType = 1;
			remoteGlobalIDString = EB7A990D2ABED31A00DA183A;
			remoteInfo = Calc;
		};
		EB7A992F2ABED31B00DA183A /* PBXContainerItemProxy */ = {
			isa = PBXContainerItemProxy;
			containerPortal = EB7A99062ABED31A00DA183A /* Project object */;
			proxyType = 1;
			remoteGlobalIDString = EB7A990D2ABED31A00DA183A;
			remoteInfo = Calc;
		};
/* End PBXContainerItemProxy section */

/* Begin PBXFileReference section */
		EB7A990E2ABED31A00DA183A /* Calc.app */ = {isa = PBXFileReference; explicitFileType = wrapper.application; includeInIndex = 0; path = Calc.app; sourceTree = BUILT_PRODUCTS_DIR; };
		EB7A99112ABED31A00DA183A /* AppDelegate.swift */ = {isa = PBXFileReference; lastKnownFileType = sourcecode.swift; path = AppDelegate.swift; sourceTree = "<group>"; };
		EB7A99132ABED31A00DA183A /* SceneDelegate.swift */ = {isa = PBXFileReference; lastKnownFileType = sourcecode.swift; path = SceneDelegate.swift; sourceTree = "<group>"; };
		EB7A99152ABED31A00DA183A /* ViewController.swift */ = {isa = PBXFileReference; lastKnownFileType = sourcecode.swift; path = ViewController.swift; sourceTree = "<group>"; };
		EB7A99182ABED31A00DA183A /* Base */ = {isa = PBXFileReference; lastKnownFileType = file.storyboard; name = Base; path = Base.lproj/Main.storyboard; sourceTree = "<group>"; };
		EB7A991A2ABED31B00DA183A /* Assets.xcassets */ = {isa = PBXFileReference; lastKnownFileType = folder.assetcatalog; path = Assets.xcassets; sourceTree = "<group>"; };
		EB7A991D2ABED31B00DA183A /* Base */ = {isa = PBXFileReference; lastKnownFileType = file.storyboard; name = Base; path = Base.lproj/LaunchScreen.storyboard; sourceTree = "<group>"; };
		EB7A991F2ABED31B00DA183A /* Info.plist */ = {isa = PBXFileReference; lastKnownFileType = text.plist.xml; path = Info.plist; sourceTree = "<group>"; };
		EB7A99242ABED31B00DA183A /* CalcTests.xctest */ = {isa = PBXFileReference; explicitFileType = wrapper.cfbundle; includeInIndex = 0; path = CalcTests.xctest; sourceTree = BUILT_PRODUCTS_DIR; };
		EB7A99282ABED31B00DA183A /* CalcTests.swift */ = {isa = PBXFileReference; lastKnownFileType = sourcecode.swift; path = CalcTests.swift; sourceTree = "<group>"; };
		EB7A992E2ABED31B00DA183A /* CalcUITests.xctest */ = {isa = PBXFileReference; explicitFileType = wrapper.cfbundle; includeInIndex = 0; path = CalcUITests.xctest; sourceTree = BUILT_PRODUCTS_DIR; };
		EB7A99322ABED31B00DA183A /* CalcUITests.swift */ = {isa = PBXFileReference; lastKnownFileType = sourcecode.swift; path = CalcUITests.swift; sourceTree = "<group>"; };
		EB7A99342ABED31B00DA183A /* CalcUITestsLaunchTests.swift */ = {isa = PBXFileReference; lastKnownFileType = sourcecode.swift; path = CalcUITestsLaunchTests.swift; sourceTree = "<group>"; };
/* End PBXFileReference section */

/* Begin PBXFrameworksBuildPhase section */
		EB7A990B2ABED31A00DA183A /* Frameworks */ = {
			isa = PBXFrameworksBuildPhase;
			buildActionMask = 2147483647;
			files = (
			);
			runOnlyForDeploymentPostprocessing = 0;
		};
		EB7A99212ABED31B00DA183A /* Frameworks */ = {
			isa = PBXFrameworksBuildPhase;
			buildActionMask = 2147483647;
			files = (
			);
			runOnlyForDeploymentPostprocessing = 0;
		};
		EB7A992B2ABED31B00DA183A /* Frameworks */ = {
			isa = PBXFrameworksBuildPhase;
			buildActionMask = 2147483647;
			files = (
			);
			runOnlyForDeploymentPostprocessing = 0;
		};
/* End PBXFrameworksBuildPhase section */

/* Begin PBXGroup section */
		EB7A99052ABED31A00DA183A = {
			isa = PBXGroup;
			children = (
				EB7A99102ABED31A00DA183A /* Calc */,
				EB7A99272ABED31B00DA183A /* CalcTests */,
				EB7A99312ABED31B00DA183A /* CalcUITests */,
				EB7A990F2ABED31A00DA183A /* Products */,
			);
			sourceTree = "<group>";
		};
		EB7A990F2ABED31A00DA183A /* Products */ = {
			isa = PBXGroup;
			children = (
				EB7A990E2ABED31A00DA183A /* Calc.app */,
				EB7A99242ABED31B00DA183A /* CalcTests.xctest */,
				EB7A992E2ABED31B00DA183A /* CalcUITests.xctest */,
			);
			name = Products;
			sourceTree = "<group>";
		};
		EB7A99102ABED31A00DA183A /* Calc */ = {
			isa = PBXGroup;
			children = (
				EB7A99112ABED31A00DA183A /* AppDelegate.swift */,
				EB7A99132ABED31A00DA183A /* SceneDelegate.swift */,
				EB7A99152ABED31A00DA183A /* ViewController.swift */,
				EB7A99172ABED31A00DA183A /* Main.storyboard */,
				EB7A991A2ABED31B00DA183A /* Assets.xcassets */,
				EB7A991C2ABED31B00DA183A /* LaunchScreen.storyboard */,
				EB7A991F2ABED31B00DA183A /* Info.plist */,
			);
			path = Calc;
			sourceTree = "<group>";
		};
		EB7A99272ABED31B00DA183A /* CalcTests */ = {
			isa = PBXGroup;
			children = (
				EB7A99282ABED31B00DA183A /* CalcTests.swift */,
			);
			path = CalcTests;
			sourceTree = "<group>";
		};
		EB7A99312ABED31B00DA183A /* CalcUITests */ = {
			isa = PBXGroup;
			children = (
				EB7A99322ABED31B00DA183A /* CalcUITests.swift */,
				EB7A99342ABED31B00DA183A /* CalcUITestsLaunchTests.swift */,
			);
			path = CalcUITests;
			sourceTree = "<group>";
		};
/* End PBXGroup section */

/* Begin PBXNativeTarget section */
		EB7A990D2ABED31A00DA183A /* Calc */ = {
			isa = PBXNativeTarget;
			buildConfigurationList = EB7A99382ABED31B00DA183A /* Build configuration list for PBXNativeTarget "Calc" */;
			buildPhases = (
				EB7A990A2ABED31A00DA183A /* Sources */,
				EB7A990B2ABED31A00DA183A /* Frameworks */,
				EB7A990C2ABED31A00DA183A /* Resources */,
			);
			buildRules = (
			);
			dependencies = (
			);
			name = Calc;
			productName = Calc;
			productReference = EB7A990E2ABED31A00DA183A /* Calc.app */;
			productType = "com.apple.product-type.application";
		};
		EB7A99232ABED31B00DA183A /* CalcTests */ = {
			isa = PBXNativeTarget;
			buildConfigurationList = EB7A993B2ABED31B00DA183A /* Build configuration list for PBXNativeTarget "CalcTests" */;
			buildPhases = (
				EB7A99202ABED31B00DA183A /* Sources */,
				EB7A99212ABED31B00DA183A /* Frameworks */,
				EB7A99222ABED31B00DA183A /* Resources */,
			);
			buildRules = (
			);
			dependencies = (
				EB7A99262ABED31B00DA183A /* PBXTargetDependency */,
			);
			name = CalcTests;
			productName = CalcTests;
			productReference = EB7A99242ABED31B00DA183A /* CalcTests.xctest */;
			productType = "com.apple.product-type.bundle.unit-test";
		};
		EB7A992D2ABED31B00DA183A /* CalcUITests */ = {
			isa = PBXNativeTarget;
			buildConfigurationList = EB7A993E2ABED31B00DA183A /* Build configuration list for PBXNativeTarget "CalcUITests" */;
			buildPhases = (
				EB7A992A2ABED31B00DA183A /* Sources */,
				EB7A992B2ABED31B00DA183A /* Frameworks */,
				EB7A992C2ABED31B00DA183A /* Resources */,
			);
			buildRules = (
			);
			dependencies = (
				EB7A99302ABED31B00DA183A /* PBXTargetDependency */,
			);
			name = CalcUITests;
			productName = CalcUITests;
			productReference = EB7A992E2ABED31B00DA183A /* CalcUITests.xctest */;
			productType = "com.apple.product-type.bundle.ui-testing";
		};
/* End PBXNativeTarget section */

/* Begin PBXProject section */
		EB7A99062ABED31A00DA183A /* Project object */ = {
			isa = PBXProject;
			attributes = {
				BuildIndependentTargetsInParallel = 1;
				LastSwiftUpdateCheck = 1430;
				LastUpgradeCheck = 1430;
				TargetAttributes = {
					EB7A990D2ABED31A00DA183A = {
						CreatedOnToolsVersion = 14.3.1;
					};
					EB7A99232ABED31B00DA183A = {
						CreatedOnToolsVersion = 14.3.1;
						TestTargetID = EB7A990D2ABED31A00DA183A;
					};
					EB7A992D2ABED31B00DA183A = {
						CreatedOnToolsVersion = 14.3.1;
						TestTargetID = EB7A990D2ABED31A00DA183A;
					};
				};
			};
			buildConfigurationList = EB7A99092ABED31A00DA183A /* Build configuration list for PBXProject "Calc" */;
			compatibilityVersion = "Xcode 14.0";
			developmentRegion = en;
			hasScannedForEncodings = 0;
			knownRegions = (
				en,
				Base,
			);
			mainGroup = EB7A99052ABED31A00DA183A;
			productRefGroup = EB7A990F2ABED31A00DA183A /* Products */;
			projectDirPath = "";
			projectRoot = "";
			targets = (
				EB7A990D2ABED31A00DA183A /* Calc */,
				EB7A99232ABED31B00DA183A /* CalcTests */,
				EB7A992D2ABED31B00DA183A /* CalcUITests */,
			);
		};
/* End PBXProject section */

/* Begin PBXResourcesBuildPhase section */
		EB7A990C2ABED31A00DA183A /* Resources */ = {
			isa = PBXResourcesBuildPhase;
			buildActionMask = 2147483647;
			files = (
				EB7A991E2ABED31B00DA183A /* LaunchScreen.storyboard in Resources */,
				EB7A991B2ABED31B00DA183A /* Assets.xcassets in Resources */,
				EB7A99192ABED31A00DA183A /* Main.storyboard in Resources */,
			);
			runOnlyForDeploymentPostprocessing = 0;
		};
		EB7A99222ABED31B00DA183A /* Resources */ = {
			isa = PBXResourcesBuildPhase;
			buildActionMask = 2147483647;
			files = (
			);
			runOnlyForDeploymentPostprocessing = 0;
		};
		EB7A992C2ABED31B00DA183A /* Resources */ = {
			isa = PBXResourcesBuildPhase;
			buildActionMask = 2147483647;
			files = (
			);
			runOnlyForDeploymentPostprocessing = 0;
		};
/* End PBXResourcesBuildPhase section */

/* Begin PBXSourcesBuildPhase section */
		EB7A990A2ABED31A00DA183A /* Sources */ = {
			isa = PBXSourcesBuildPhase;
			buildActionMask = 2147483647;
			files = (
				EB7A99162ABED31A00DA183A /* ViewController.swift in Sources */,
				EB7A99122ABED31A00DA183A /* AppDelegate.swift in Sources */,
				EB7A99142ABED31A00DA183A /* SceneDelegate.swift in Sources */,
			);
			runOnlyForDeploymentPostprocessing = 0;
		};
		EB7A99202ABED31B00DA183A /* Sources */ = {
			isa = PBXSourcesBuildPhase;
			buildActionMask = 2147483647;
			files = (
				EB7A99292ABED31B00DA183A /* CalcTests.swift in Sources */,
			);
			runOnlyForDeploymentPostprocessing = 0;
		};
		EB7A992A2ABED31B00DA183A /* Sources */ = {
			isa = PBXSourcesBuildPhase;
			buildActionMask = 2147483647;
			files = (
				EB7A99332ABED31B00DA183A /* CalcUITests.swift in Sources */,
				EB7A99352ABED31B00DA183A /* CalcUITestsLaunchTests.swift in Sources */,
			);
			runOnlyForDeploymentPostprocessing = 0;
		};
/* End PBXSourcesBuildPhase section */

/* Begin PBXTargetDependency section */
		EB7A99262ABED31B00DA183A /* PBXTargetDependency */ = {
			isa = PBXTargetDependency;
			target = EB7A990D2ABED31A00DA183A /* Calc */;
			targetProxy = EB7A99252ABED31B00DA183A /* PBXContainerItemProxy */;
		};
		EB7A99302ABED31B00DA183A /* PBXTargetDependency */ = {
			isa = PBXTargetDependency;
			target = EB7A990D2ABED31A00DA183A /* Calc */;
			targetProxy = EB7A992F2ABED31B00DA183A /* PBXContainerItemProxy */;
		};
/* End PBXTargetDependency section */

/* Begin PBXVariantGroup section */
		EB7A99172ABED31A00DA183A /* Main.storyboard */ = {
			isa = PBXVariantGroup;
			children = (
				EB7A99182ABED31A00DA183A /* Base */,
			);
			name = Main.storyboard;
			sourceTree = "<group>";
		};
		EB7A991C2ABED31B00DA183A /* LaunchScreen.storyboard */ = {
			isa = PBXVariantGroup;
			children = (
				EB7A991D2ABED31B00DA183A /* Base */,
			);
			name = LaunchScreen.storyboard;
			sourceTree = "<group>";
		};
/* End PBXVariantGroup section */

/* Begin XCBuildConfiguration section */
		EB7A99362ABED31B00DA183A /* Debug */ = {
			isa = XCBuildConfiguration;
			buildSettings = {
				ALWAYS_SEARCH_USER_PATHS = NO;
				CLANG_ANALYZER_NONNULL = YES;
				CLANG_ANALYZER_NUMBER_OBJECT_CONVERSION = YES_AGGRESSIVE;
				CLANG_CXX_LANGUAGE_STANDARD = "gnu++20";
				CLANG_ENABLE_MODULES = YES;
				CLANG_ENABLE_OBJC_ARC = YES;
				CLANG_ENABLE_OBJC_WEAK = YES;
				CLANG_WARN_BLOCK_CAPTURE_AUTORELEASING = YES;
				CLANG_WARN_BOOL_CONVERSION = YES;
				CLANG_WARN_COMMA = YES;
				CLANG_WARN_CONSTANT_CONVERSION = YES;
				CLANG_WARN_DEPRECATED_OBJC_IMPLEMENTATIONS = YES;
				CLANG_WARN_DIRECT_OBJC_ISA_USAGE = YES_ERROR;
				CLANG_WARN_DOCUMENTATION_COMMENTS = YES;
				CLANG_WARN_EMPTY_BODY = YES;
				CLANG_WARN_ENUM_CONVERSION = YES;
				CLANG_WARN_INFINITE_RECURSION = YES;
				CLANG_WARN_INT_CONVERSION = YES;
				CLANG_WARN_NON_LITERAL_NULL_CONVERSION = YES;
				CLANG_WARN_OBJC_IMPLICIT_RETAIN_SELF = YES;
				CLANG_WARN_OBJC_LITERAL_CONVERSION = YES;
				CLANG_WARN_OBJC_ROOT_CLASS = YES_ERROR;
				CLANG_WARN_QUOTED_INCLUDE_IN_FRAMEWORK_HEADER = YES;
				CLANG_WARN_RANGE_LOOP_ANALYSIS = YES;
				CLANG_WARN_STRICT_PROTOTYPES = YES;
				CLANG_WARN_SUSPICIOUS_MOVE = YES;
				CLANG_WARN_UNGUARDED_AVAILABILITY = YES_AGGRESSIVE;
				CLANG_WARN_UNREACHABLE_CODE = YES;
				CLANG_WARN__DUPLICATE_METHOD_MATCH = YES;
				COPY_PHASE_STRIP = NO;
				DEBUG_INFORMATION_FORMAT = dwarf;
				ENABLE_STRICT_OBJC_MSGSEND = YES;
				ENABLE_TESTABILITY = YES;
				GCC_C_LANGUAGE_STANDARD = gnu11;
				GCC_DYNAMIC_NO_PIC = NO;
				GCC_NO_COMMON_BLOCKS = YES;
				GCC_OPTIMIZATION_LEVEL = 0;
				GCC_PREPROCESSOR_DEFINITIONS = (
					"DEBUG=1",
					"$(inherited)",
				);
				GCC_WARN_64_TO_32_BIT_CONVERSION = YES;
				GCC_WARN_ABOUT_RETURN_TYPE = YES_ERROR;
				GCC_WARN_UNDECLARED_SELECTOR = YES;
				GCC_WARN_UNINITIALIZED_AUTOS = YES_AGGRESSIVE;
				GCC_WARN_UNUSED_FUNCTION = YES;
				GCC_WARN_UNUSED_VARIABLE = YES;
				IPHONEOS_DEPLOYMENT_TARGET = 16.4;
				MTL_ENABLE_DEBUG_INFO = INCLUDE_SOURCE;
				MTL_FAST_MATH = YES;
				ONLY_ACTIVE_ARCH = YES;
				SDKROOT = iphoneos;
				SWIFT_ACTIVE_COMPILATION_CONDITIONS = DEBUG;
				SWIFT_OPTIMIZATION_LEVEL = "-Onone";
			};
			name = Debug;
		};
		EB7A99372ABED31B00DA183A /* Release */ = {
			isa = XCBuildConfiguration;
			buildSettings = {
				ALWAYS_SEARCH_USER_PATHS = NO;
				CLANG_ANALYZER_NONNULL = YES;
				CLANG_ANALYZER_NUMBER_OBJECT_CONVERSION = YES_AGGRESSIVE;
				CLANG_CXX_LANGUAGE_STANDARD = "gnu++20";
				CLANG_ENABLE_MODULES = YES;
				CLANG_ENABLE_OBJC_ARC = YES;
				CLANG_ENABLE_OBJC_WEAK = YES;
				CLANG_WARN_BLOCK_CAPTURE_AUTORELEASING = YES;
				CLANG_WARN_BOOL_CONVERSION = YES;
				CLANG_WARN_COMMA = YES;
				CLANG_WARN_CONSTANT_CONVERSION = YES;
				CLANG_WARN_DEPRECATED_OBJC_IMPLEMENTATIONS = YES;
				CLANG_WARN_DIRECT_OBJC_ISA_USAGE = YES_ERROR;
				CLANG_WARN_DOCUMENTATION_COMMENTS = YES;
				CLANG_WARN_EMPTY_BODY = YES;
				CLANG_WARN_ENUM_CONVERSION = YES;
				CLANG_WARN_INFINITE_RECURSION = YES;
				CLANG_WARN_INT_CONVERSION = YES;
				CLANG_WARN_NON_LITERAL_NULL_CONVERSION = YES;
				CLANG_WARN_OBJC_IMPLICIT_RETAIN_SELF = YES;
				CLANG_WARN_OBJC_LITERAL_CONVERSION = YES;
				CLANG_WARN_OBJC_ROOT_CLASS = YES_ERROR;
				CLANG_WARN_QUOTED_INCLUDE_IN_FRAMEWORK_HEADER = YES;
				CLANG_WARN_RANGE_LOOP_ANALYSIS = YES;
				CLANG_WARN_STRICT_PROTOTYPES = YES;
				CLANG_WARN_SUSPICIOUS_MOVE = YES;
				CLANG_WARN_UNGUARDED_AVAILABILITY = YES_AGGRESSIVE;
				CLANG_WARN_UNREACHABLE_CODE = YES;
				CLANG_WARN__DUPLICATE_METHOD_MATCH = YES;
				COPY_PHASE_STRIP = NO;
				DEBUG_INFORMATION_FORMAT = "dwarf-with-dsym";
				ENABLE_NS_ASSERTIONS = NO;
				ENABLE_STRICT_OBJC_MSGSEND = YES;
				GCC_C_LANGUAGE_STANDARD = gnu11;
				GCC_NO_COMMON_BLOCKS = YES;
				GCC_WARN_64_TO_32_BIT_CONVERSION = YES;
				GCC_WARN_ABOUT_RETURN_TYPE = YES_ERROR;
				GCC_WARN_UNDECLARED_SELECTOR = YES;
				GCC_WARN_UNINITIALIZED_AUTOS = YES_AGGRESSIVE;
				GCC_WARN_UNUSED_FUNCTION = YES;
				GCC_WARN_UNUSED_VARIABLE = YES;
				IPHONEOS_DEPLOYMENT_TARGET = 16.4;
				MTL_ENABLE_DEBUG_INFO = NO;
				MTL_FAST_MATH = YES;
				SDKROOT = iphoneos;
				SWIFT_COMPILATION_MODE = wholemodule;
				SWIFT_OPTIMIZATION_LEVEL = "-O";
				VALIDATE_PRODUCT = YES;
			};
			name = Release;
		};
		EB7A99392ABED31B00DA183A /* Debug */ = {
			isa = XCBuildConfiguration;
			buildSettings = {
				ASSETCATALOG_COMPILER_APPICON_NAME = AppIcon;
				ASSETCATALOG_COMPILER_GLOBAL_ACCENT_COLOR_NAME = AccentColor;
				CODE_SIGN_STYLE = Automatic;
				CURRENT_PROJECT_VERSION = 1;
				GENERATE_INFOPLIST_FILE = YES;
				INFOPLIST_FILE = Calc/Info.plist;
				INFOPLIST_KEY_UIApplicationSupportsIndirectInputEvents = YES;
				INFOPLIST_KEY_UILaunchStoryboardName = LaunchScreen;
				INFOPLIST_KEY_UIMainStoryboardFile = Main;
				INFOPLIST_KEY_UISupportedInterfaceOrientations_iPad = "UIInterfaceOrientationPortrait UIInterfaceOrientationPortraitUpsideDown UIInterfaceOrientationLandscapeLeft UIInterfaceOrientationLandscapeRight";
				INFOPLIST_KEY_UISupportedInterfaceOrientations_iPhone = "UIInterfaceOrientationPortrait UIInterfaceOrientationLandscapeLeft UIInterfaceOrientationLandscapeRight";
				LD_RUNPATH_SEARCH_PATHS = (
					"$(inherited)",
					"@executable_path/Frameworks",
				);
				MARKETING_VERSION = 1.0;
				PRODUCT_BUNDLE_IDENTIFIER = test.Calc;
				PRODUCT_NAME = "$(TARGET_NAME)";
				SWIFT_EMIT_LOC_STRINGS = YES;
				SWIFT_VERSION = 5.0;
				TARGETED_DEVICE_FAMILY = "1,2";
			};
			name = Debug;
		};
		EB7A993A2ABED31B00DA183A /* Release */ = {
			isa = XCBuildConfiguration;
			buildSettings = {
				ASSETCATALOG_COMPILER_APPICON_NAME = AppIcon;
				ASSETCATALOG_COMPILER_GLOBAL_ACCENT_COLOR_NAME = AccentColor;
				CODE_SIGN_STYLE = Automatic;
				CURRENT_PROJECT_VERSION = 1;
				GENERATE_INFOPLIST_FILE = YES;
				INFOPLIST_FILE = Calc/Info.plist;
				INFOPLIST_KEY_UIApplicationSupportsIndirectInputEvents = YES;
				INFOPLIST_KEY_UILaunchStoryboardName = LaunchScreen;
				INFOPLIST_KEY_UIMainStoryboardFile = Main;
				INFOPLIST_KEY_UISupportedInterfaceOrientations_iPad = "UIInterfaceOrientationPortrait UIInterfaceOrientationPortraitUpsideDown UIInterfaceOrientationLandscapeLeft UIInterfaceOrientationLandscapeRight";
				INFOPLIST_KEY_UISupportedInterfaceOrientations_iPhone = "UIInterfaceOrientationPortrait UIInterfaceOrientationLandscapeLeft UIInterfaceOrientationLandscapeRight";
				LD_RUNPATH_SEARCH_PATHS = (
					"$(inherited)",
					"@executable_path/Frameworks",
				);
				MARKETING_VERSION = 1.0;
				PRODUCT_BUNDLE_IDENTIFIER = test.Calc;
				PRODUCT_NAME = "$(TARGET_NAME)";
				SWIFT_EMIT_LOC_STRINGS = YES;
				SWIFT_VERSION = 5.0;
				TARGETED_DEVICE_FAMILY = "1,2";
			};
			name = Release;
		};
		EB7A993C2ABED31B00DA183A /* Debug */ = {
			isa = XCBuildConfiguration;
			buildSettings = {
				ALWAYS_EMBED_SWIFT_STANDARD_LIBRARIES = YES;
				BUNDLE_LOADER = "$(TEST_HOST)";
				CODE_SIGN_STYLE = Automatic;
				CURRENT_PROJECT_VERSION = 1;
				GENERATE_INFOPLIST_FILE = YES;
				IPHONEOS_DEPLOYMENT_TARGET = 16.4;
				MARKETING_VERSION = 1.0;
				PRODUCT_BUNDLE_IDENTIFIER = test.CalcTests;
				PRODUCT_NAME = "$(TARGET_NAME)";
				SWIFT_EMIT_LOC_STRINGS = NO;
				SWIFT_VERSION = 5.0;
				TARGETED_DEVICE_FAMILY = "1,2";
				TEST_HOST = "$(BUILT_PRODUCTS_DIR)/Calc.app/$(BUNDLE_EXECUTABLE_FOLDER_PATH)/Calc";
			};
			name = Debug;
		};
		EB7A993D2ABED31B00DA183A /* Release */ = {
			isa = XCBuildConfiguration;
			buildSettings = {
				ALWAYS_EMBED_SWIFT_STANDARD_LIBRARIES = YES;
				BUNDLE_LOADER = "$(TEST_HOST)";
				CODE_SIGN_STYLE = Automatic;
				CURRENT_PROJECT_VERSION = 1;
				GENERATE_INFOPLIST_FILE = YES;
				IPHONEOS_DEPLOYMENT_TARGET = 16.4;
				MARKETING_VERSION = 1.0;
				PRODUCT_BUNDLE_IDENTIFIER = test.CalcTests;
				PRODUCT_NAME = "$(TARGET_NAME)";
				SWIFT_EMIT_LOC_STRINGS = NO;
				SWIFT_VERSION = 5.0;
				TARGETED_DEVICE_FAMILY = "1,2";
				TEST_HOST = "$(BUILT_PRODUCTS_DIR)/Calc.app/$(BUNDLE_EXECUTABLE_FOLDER_PATH)/Calc";
			};
			name = Release;
		};
		EB7A993F2ABED31B00DA183A /* Debug */ = {
			isa = XCBuildConfiguration;
			buildSettings = {
				ALWAYS_EMBED_SWIFT_STANDARD_LIBRARIES = YES;
				CODE_SIGN_STYLE = Automatic;
				CURRENT_PROJECT_VERSION = 1;
				GENERATE_INFOPLIST_FILE = YES;
				MARKETING_VERSION = 1.0;
				PRODUCT_BUNDLE_IDENTIFIER = test.CalcUITests;
				PRODUCT_NAME = "$(TARGET_NAME)";
				SWIFT_EMIT_LOC_STRINGS = NO;
				SWIFT_VERSION = 5.0;
				TARGETED_DEVICE_FAMILY = "1,2";
				TEST_TARGET_NAME = Calc;
			};
			name = Debug;
		};
		EB7A99402ABED31B00DA183A /* Release */ = {
			isa = XCBuildConfiguration;
			buildSettings = {
				ALWAYS_EMBED_SWIFT_STANDARD_LIBRARIES = YES;
				CODE_SIGN_STYLE = Automatic;
				CURRENT_PROJECT_VERSION = 1;
				GENERATE_INFOPLIST_FILE = YES;
				MARKETING_VERSION = 1.0;
				PRODUCT_BUNDLE_IDENTIFIER = test.CalcUITests;
				PRODUCT_NAME = "$(TARGET_NAME)";
				SWIFT_EMIT_LOC_STRINGS = NO;
				SWIFT_VERSION = 5.0;
				TARGETED_DEVICE_FAMILY = "1,2";
				TEST_TARGET_NAME = Calc;
			};
			name = Release;
		};
/* End XCBuildConfiguration section */

/* Begin XCConfigurationList section */
		EB7A99092ABED31A00DA183A /* Build configuration list for PBXProject "Calc" */ = {
			isa = XCConfigurationList;
			buildConfigurations = (
				EB7A99362ABED31B00DA183A /* Debug */,
				EB7A99372ABED31B00DA183A /* Release */,
			);
			defaultConfigurationIsVisible = 0;
			defaultConfigurationName = Release;
		};
		EB7A99382ABED31B00DA183A /* Build configuration list for PBXNativeTarget "Calc" */ = {
			isa = XCConfigurationList;
			buildConfigurations = (
				EB7A99392ABED31B00DA183A /* Debug */,
				EB7A993A2ABED31B00DA183A /* Release */,
			);
			defaultConfigurationIsVisible = 0;
			defaultConfigurationName = Release;
		};
		EB7A993B2ABED31B00DA183A /* Build configuration list for PBXNativeTarget "CalcTests" */ = {
			isa = XCConfigurationList;
			buildConfigurations = (
				EB7A993C2ABED31B00DA183A /* Debug */,
				EB7A993D2ABED31B00DA183A /* Release */,
			);
			defaultConfigurationIsVisible = 0;
			defaultConfigurationName = Release;
		};
		EB7A993E2ABED31B00DA183A /* Build configuration list for PBXNativeTarget "CalcUITests" */ = {
			isa = XCConfigurationList;
			buildConfigurations = (
				EB7A993F2ABED31B00DA183A /* Debug */,
				EB7A99402ABED31B00DA183A /* Release */,
			);
			defaultConfigurationIsVisible = 0;
			defaultConfigurationName = Release;
		};
/* End XCConfigurationList section */
	};
	rootObject = EB7A99062ABED31A00DA183A /* Project object */;
}
